
Microsoft Visual Studio Solution File, Format Version 12.00
# Visual Studio 14
VisualStudioVersion = 14.0.25420.1
MinimumVisualStudioVersion = 10.0.40219.1
Project("{FAE04EC0-301F-11D3-BF4B-00C04F79EFBC}") = "SharePointPnP.PowerShell.Commands", "Commands\SharePointPnP.PowerShell.Commands.csproj", "{1DDE6F0A-CA49-419A-9CE8-A6CA02F43CE0}"
	ProjectSection(ProjectDependencies) = postProject
		{B53C2D73-E46B-47E1-BB80-C2A363A53FB3} = {B53C2D73-E46B-47E1-BB80-C2A363A53FB3}
	EndProjectSection
EndProject
Project("{2150E333-8FDC-42A3-9474-1A3956D46DE8}") = "Scripts", "Scripts", "{8F9FCAE4-5137-4C24-8B62-B30AA7CBAFBA}"
	ProjectSection(SolutionItems) = preProject
		Install.ps1 = Install.ps1
		PostBuild.ps1 = PostBuild.ps1
	EndProjectSection
EndProject
Project("{FAE04EC0-301F-11D3-BF4B-00C04F79EFBC}") = "SharePointPnP.PowerShell.CmdletHelpAttributes", "HelpAttributes\SharePointPnP.PowerShell.CmdletHelpAttributes.csproj", "{FDD50BBD-AE78-4B10-9549-0566686719AB}"
EndProject
Project("{FAE04EC0-301F-11D3-BF4B-00C04F79EFBC}") = "SharePointPnP.PowerShell.CmdletHelpGenerator", "CmdletHelpGenerator\SharePointPnP.PowerShell.CmdletHelpGenerator.csproj", "{B53C2D73-E46B-47E1-BB80-C2A363A53FB3}"
EndProject
Project("{2150E333-8FDC-42A3-9474-1A3956D46DE8}") = "Documentation", "Documentation", "{AB70588E-5972-4D9B-9342-C8CA3275F80A}"
	ProjectSection(SolutionItems) = preProject
		changelog.md = changelog.md
		CONTRIBUTING.md = CONTRIBUTING.md
		readme.md = readme.md
	EndProjectSection
EndProject
Project("{FAE04EC0-301F-11D3-BF4B-00C04F79EFBC}") = "SharePointPnP.PowerShell.Tests", "Tests\SharePointPnP.PowerShell.Tests.csproj", "{AD2E3CF9-65C7-40FD-9F52-CE8259031C6E}"
EndProject
Global
	GlobalSection(SolutionConfigurationPlatforms) = preSolution
		Debug|Any CPU = Debug|Any CPU
		Debug|Mixed Platforms = Debug|Mixed Platforms
		Debug|x86 = Debug|x86
		Debug15|Any CPU = Debug15|Any CPU
		Debug15|Mixed Platforms = Debug15|Mixed Platforms
		Debug15|x86 = Debug15|x86
		Debug16|Any CPU = Debug16|Any CPU
		Debug16|Mixed Platforms = Debug16|Mixed Platforms
		Debug16|x86 = Debug16|x86
		Release|Any CPU = Release|Any CPU
		Release|Mixed Platforms = Release|Mixed Platforms
		Release|x86 = Release|x86
		Release15|Any CPU = Release15|Any CPU
		Release15|Mixed Platforms = Release15|Mixed Platforms
		Release15|x86 = Release15|x86
		Release16|Any CPU = Release16|Any CPU
		Release16|Mixed Platforms = Release16|Mixed Platforms
		Release16|x86 = Release16|x86
	EndGlobalSection
	GlobalSection(ProjectConfigurationPlatforms) = postSolution
		{1DDE6F0A-CA49-419A-9CE8-A6CA02F43CE0}.Debug|Any CPU.ActiveCfg = Debug|Any CPU
		{1DDE6F0A-CA49-419A-9CE8-A6CA02F43CE0}.Debug|Any CPU.Build.0 = Debug|Any CPU
		{1DDE6F0A-CA49-419A-9CE8-A6CA02F43CE0}.Debug|Mixed Platforms.ActiveCfg = Debug|Any CPU
		{1DDE6F0A-CA49-419A-9CE8-A6CA02F43CE0}.Debug|Mixed Platforms.Build.0 = Debug|Any CPU
		{1DDE6F0A-CA49-419A-9CE8-A6CA02F43CE0}.Debug|x86.ActiveCfg = Debug|Any CPU
		{1DDE6F0A-CA49-419A-9CE8-A6CA02F43CE0}.Debug15|Any CPU.ActiveCfg = Debug15|Any CPU
		{1DDE6F0A-CA49-419A-9CE8-A6CA02F43CE0}.Debug15|Any CPU.Build.0 = Debug15|Any CPU
		{1DDE6F0A-CA49-419A-9CE8-A6CA02F43CE0}.Debug15|Mixed Platforms.ActiveCfg = Debug15|Any CPU
		{1DDE6F0A-CA49-419A-9CE8-A6CA02F43CE0}.Debug15|Mixed Platforms.Build.0 = Debug15|Any CPU
		{1DDE6F0A-CA49-419A-9CE8-A6CA02F43CE0}.Debug15|x86.ActiveCfg = Debug15|Any CPU
		{1DDE6F0A-CA49-419A-9CE8-A6CA02F43CE0}.Debug16|Any CPU.ActiveCfg = Debug16|Any CPU
		{1DDE6F0A-CA49-419A-9CE8-A6CA02F43CE0}.Debug16|Any CPU.Build.0 = Debug16|Any CPU
		{1DDE6F0A-CA49-419A-9CE8-A6CA02F43CE0}.Debug16|Mixed Platforms.ActiveCfg = Debug16|Any CPU
		{1DDE6F0A-CA49-419A-9CE8-A6CA02F43CE0}.Debug16|Mixed Platforms.Build.0 = Debug16|Any CPU
		{1DDE6F0A-CA49-419A-9CE8-A6CA02F43CE0}.Debug16|x86.ActiveCfg = Debug16|Any CPU
		{1DDE6F0A-CA49-419A-9CE8-A6CA02F43CE0}.Debug16|x86.Build.0 = Debug16|Any CPU
		{1DDE6F0A-CA49-419A-9CE8-A6CA02F43CE0}.Release|Any CPU.ActiveCfg = Release|Any CPU
		{1DDE6F0A-CA49-419A-9CE8-A6CA02F43CE0}.Release|Any CPU.Build.0 = Release|Any CPU
		{1DDE6F0A-CA49-419A-9CE8-A6CA02F43CE0}.Release|Mixed Platforms.ActiveCfg = Release|Any CPU
		{1DDE6F0A-CA49-419A-9CE8-A6CA02F43CE0}.Release|Mixed Platforms.Build.0 = Release|Any CPU
		{1DDE6F0A-CA49-419A-9CE8-A6CA02F43CE0}.Release|x86.ActiveCfg = Release|Any CPU
		{1DDE6F0A-CA49-419A-9CE8-A6CA02F43CE0}.Release15|Any CPU.ActiveCfg = Release15|Any CPU
		{1DDE6F0A-CA49-419A-9CE8-A6CA02F43CE0}.Release15|Any CPU.Build.0 = Release15|Any CPU
		{1DDE6F0A-CA49-419A-9CE8-A6CA02F43CE0}.Release15|Mixed Platforms.ActiveCfg = Release15|Any CPU
		{1DDE6F0A-CA49-419A-9CE8-A6CA02F43CE0}.Release15|Mixed Platforms.Build.0 = Release15|Any CPU
		{1DDE6F0A-CA49-419A-9CE8-A6CA02F43CE0}.Release15|x86.ActiveCfg = Release15|Any CPU
		{1DDE6F0A-CA49-419A-9CE8-A6CA02F43CE0}.Release16|Any CPU.ActiveCfg = Release16|Any CPU
		{1DDE6F0A-CA49-419A-9CE8-A6CA02F43CE0}.Release16|Any CPU.Build.0 = Release16|Any CPU
		{1DDE6F0A-CA49-419A-9CE8-A6CA02F43CE0}.Release16|Mixed Platforms.ActiveCfg = Release16|Any CPU
		{1DDE6F0A-CA49-419A-9CE8-A6CA02F43CE0}.Release16|Mixed Platforms.Build.0 = Release16|Any CPU
		{1DDE6F0A-CA49-419A-9CE8-A6CA02F43CE0}.Release16|x86.ActiveCfg = Release16|Any CPU
		{1DDE6F0A-CA49-419A-9CE8-A6CA02F43CE0}.Release16|x86.Build.0 = Release16|Any CPU
		{FDD50BBD-AE78-4B10-9549-0566686719AB}.Debug|Any CPU.ActiveCfg = Debug|Any CPU
		{FDD50BBD-AE78-4B10-9549-0566686719AB}.Debug|Any CPU.Build.0 = Debug|Any CPU
		{FDD50BBD-AE78-4B10-9549-0566686719AB}.Debug|Mixed Platforms.ActiveCfg = Debug|Any CPU
		{FDD50BBD-AE78-4B10-9549-0566686719AB}.Debug|Mixed Platforms.Build.0 = Debug|Any CPU
		{FDD50BBD-AE78-4B10-9549-0566686719AB}.Debug|x86.ActiveCfg = Debug|Any CPU
		{FDD50BBD-AE78-4B10-9549-0566686719AB}.Debug15|Any CPU.ActiveCfg = Debug15|Any CPU
		{FDD50BBD-AE78-4B10-9549-0566686719AB}.Debug15|Any CPU.Build.0 = Debug15|Any CPU
		{FDD50BBD-AE78-4B10-9549-0566686719AB}.Debug15|Mixed Platforms.ActiveCfg = Debug15|Any CPU
		{FDD50BBD-AE78-4B10-9549-0566686719AB}.Debug15|Mixed Platforms.Build.0 = Debug15|Any CPU
		{FDD50BBD-AE78-4B10-9549-0566686719AB}.Debug15|x86.ActiveCfg = Debug15|Any CPU
		{FDD50BBD-AE78-4B10-9549-0566686719AB}.Debug16|Any CPU.ActiveCfg = Debug16|Any CPU
		{FDD50BBD-AE78-4B10-9549-0566686719AB}.Debug16|Any CPU.Build.0 = Debug16|Any CPU
		{FDD50BBD-AE78-4B10-9549-0566686719AB}.Debug16|Mixed Platforms.ActiveCfg = Debug16|Any CPU
		{FDD50BBD-AE78-4B10-9549-0566686719AB}.Debug16|Mixed Platforms.Build.0 = Debug16|Any CPU
		{FDD50BBD-AE78-4B10-9549-0566686719AB}.Debug16|x86.ActiveCfg = Debug16|Any CPU
		{FDD50BBD-AE78-4B10-9549-0566686719AB}.Debug16|x86.Build.0 = Debug16|Any CPU
		{FDD50BBD-AE78-4B10-9549-0566686719AB}.Release|Any CPU.ActiveCfg = Release|Any CPU
		{FDD50BBD-AE78-4B10-9549-0566686719AB}.Release|Any CPU.Build.0 = Release|Any CPU
		{FDD50BBD-AE78-4B10-9549-0566686719AB}.Release|Mixed Platforms.ActiveCfg = Release|Any CPU
		{FDD50BBD-AE78-4B10-9549-0566686719AB}.Release|Mixed Platforms.Build.0 = Release|Any CPU
		{FDD50BBD-AE78-4B10-9549-0566686719AB}.Release|x86.ActiveCfg = Release|Any CPU
		{FDD50BBD-AE78-4B10-9549-0566686719AB}.Release15|Any CPU.ActiveCfg = Release15|Any CPU
		{FDD50BBD-AE78-4B10-9549-0566686719AB}.Release15|Any CPU.Build.0 = Release15|Any CPU
		{FDD50BBD-AE78-4B10-9549-0566686719AB}.Release15|Mixed Platforms.ActiveCfg = Release15|Any CPU
		{FDD50BBD-AE78-4B10-9549-0566686719AB}.Release15|Mixed Platforms.Build.0 = Release15|Any CPU
		{FDD50BBD-AE78-4B10-9549-0566686719AB}.Release15|x86.ActiveCfg = Release15|Any CPU
		{FDD50BBD-AE78-4B10-9549-0566686719AB}.Release16|Any CPU.ActiveCfg = Release16|Any CPU
		{FDD50BBD-AE78-4B10-9549-0566686719AB}.Release16|Any CPU.Build.0 = Release16|Any CPU
		{FDD50BBD-AE78-4B10-9549-0566686719AB}.Release16|Mixed Platforms.ActiveCfg = Release16|Any CPU
		{FDD50BBD-AE78-4B10-9549-0566686719AB}.Release16|Mixed Platforms.Build.0 = Release16|Any CPU
		{FDD50BBD-AE78-4B10-9549-0566686719AB}.Release16|x86.ActiveCfg = Release16|Any CPU
		{FDD50BBD-AE78-4B10-9549-0566686719AB}.Release16|x86.Build.0 = Release16|Any CPU
		{B53C2D73-E46B-47E1-BB80-C2A363A53FB3}.Debug|Any CPU.ActiveCfg = Debug|Any CPU
		{B53C2D73-E46B-47E1-BB80-C2A363A53FB3}.Debug|Any CPU.Build.0 = Debug|Any CPU
		{B53C2D73-E46B-47E1-BB80-C2A363A53FB3}.Debug|Mixed Platforms.ActiveCfg = Debug|Any CPU
		{B53C2D73-E46B-47E1-BB80-C2A363A53FB3}.Debug|Mixed Platforms.Build.0 = Debug|Any CPU
		{B53C2D73-E46B-47E1-BB80-C2A363A53FB3}.Debug|x86.ActiveCfg = Debug|Any CPU
		{B53C2D73-E46B-47E1-BB80-C2A363A53FB3}.Debug15|Any CPU.ActiveCfg = Debug15|Any CPU
		{B53C2D73-E46B-47E1-BB80-C2A363A53FB3}.Debug15|Any CPU.Build.0 = Debug15|Any CPU
		{B53C2D73-E46B-47E1-BB80-C2A363A53FB3}.Debug15|Mixed Platforms.ActiveCfg = Debug15|Any CPU
		{B53C2D73-E46B-47E1-BB80-C2A363A53FB3}.Debug15|Mixed Platforms.Build.0 = Debug15|Any CPU
		{B53C2D73-E46B-47E1-BB80-C2A363A53FB3}.Debug15|x86.ActiveCfg = Debug15|Any CPU
		{B53C2D73-E46B-47E1-BB80-C2A363A53FB3}.Debug16|Any CPU.ActiveCfg = Debug16|Any CPU
		{B53C2D73-E46B-47E1-BB80-C2A363A53FB3}.Debug16|Any CPU.Build.0 = Debug16|Any CPU
		{B53C2D73-E46B-47E1-BB80-C2A363A53FB3}.Debug16|Mixed Platforms.ActiveCfg = Debug16|Any CPU
		{B53C2D73-E46B-47E1-BB80-C2A363A53FB3}.Debug16|Mixed Platforms.Build.0 = Debug16|Any CPU
		{B53C2D73-E46B-47E1-BB80-C2A363A53FB3}.Debug16|x86.ActiveCfg = Debug16|Any CPU
		{B53C2D73-E46B-47E1-BB80-C2A363A53FB3}.Debug16|x86.Build.0 = Debug16|Any CPU
		{B53C2D73-E46B-47E1-BB80-C2A363A53FB3}.Release|Any CPU.ActiveCfg = Release|Any CPU
		{B53C2D73-E46B-47E1-BB80-C2A363A53FB3}.Release|Any CPU.Build.0 = Release|Any CPU
		{B53C2D73-E46B-47E1-BB80-C2A363A53FB3}.Release|Mixed Platforms.ActiveCfg = Release|Any CPU
		{B53C2D73-E46B-47E1-BB80-C2A363A53FB3}.Release|Mixed Platforms.Build.0 = Release|Any CPU
		{B53C2D73-E46B-47E1-BB80-C2A363A53FB3}.Release|x86.ActiveCfg = Release|Any CPU
		{B53C2D73-E46B-47E1-BB80-C2A363A53FB3}.Release15|Any CPU.ActiveCfg = Release15|Any CPU
		{B53C2D73-E46B-47E1-BB80-C2A363A53FB3}.Release15|Any CPU.Build.0 = Release15|Any CPU
		{B53C2D73-E46B-47E1-BB80-C2A363A53FB3}.Release15|Mixed Platforms.ActiveCfg = Release15|Any CPU
		{B53C2D73-E46B-47E1-BB80-C2A363A53FB3}.Release15|Mixed Platforms.Build.0 = Release15|Any CPU
		{B53C2D73-E46B-47E1-BB80-C2A363A53FB3}.Release15|x86.ActiveCfg = Release15|Any CPU
		{B53C2D73-E46B-47E1-BB80-C2A363A53FB3}.Release16|Any CPU.ActiveCfg = Release16|Any CPU
		{B53C2D73-E46B-47E1-BB80-C2A363A53FB3}.Release16|Any CPU.Build.0 = Release16|Any CPU
		{B53C2D73-E46B-47E1-BB80-C2A363A53FB3}.Release16|Mixed Platforms.ActiveCfg = Release16|Any CPU
		{B53C2D73-E46B-47E1-BB80-C2A363A53FB3}.Release16|Mixed Platforms.Build.0 = Release16|Any CPU
		{B53C2D73-E46B-47E1-BB80-C2A363A53FB3}.Release16|x86.ActiveCfg = Release16|Any CPU
		{B53C2D73-E46B-47E1-BB80-C2A363A53FB3}.Release16|x86.Build.0 = Release16|Any CPU
		{AD2E3CF9-65C7-40FD-9F52-CE8259031C6E}.Debug|Any CPU.ActiveCfg = Debug|Any CPU
		{AD2E3CF9-65C7-40FD-9F52-CE8259031C6E}.Debug|Any CPU.Build.0 = Debug|Any CPU
		{AD2E3CF9-65C7-40FD-9F52-CE8259031C6E}.Debug|Mixed Platforms.ActiveCfg = Debug|Any CPU
		{AD2E3CF9-65C7-40FD-9F52-CE8259031C6E}.Debug|Mixed Platforms.Build.0 = Debug|Any CPU
		{AD2E3CF9-65C7-40FD-9F52-CE8259031C6E}.Debug|x86.ActiveCfg = Debug|Any CPU
		{AD2E3CF9-65C7-40FD-9F52-CE8259031C6E}.Debug|x86.Build.0 = Debug|Any CPU
		{AD2E3CF9-65C7-40FD-9F52-CE8259031C6E}.Debug15|Any CPU.ActiveCfg = Debug15|Any CPU
		{AD2E3CF9-65C7-40FD-9F52-CE8259031C6E}.Debug15|Any CPU.Build.0 = Debug15|Any CPU
		{AD2E3CF9-65C7-40FD-9F52-CE8259031C6E}.Debug15|Mixed Platforms.ActiveCfg = Debug15|Any CPU
		{AD2E3CF9-65C7-40FD-9F52-CE8259031C6E}.Debug15|Mixed Platforms.Build.0 = Debug15|Any CPU
		{AD2E3CF9-65C7-40FD-9F52-CE8259031C6E}.Debug15|x86.ActiveCfg = Debug|Any CPU
		{AD2E3CF9-65C7-40FD-9F52-CE8259031C6E}.Debug15|x86.Build.0 = Debug|Any CPU
		{AD2E3CF9-65C7-40FD-9F52-CE8259031C6E}.Debug16|Any CPU.ActiveCfg = Debug16|Any CPU
		{AD2E3CF9-65C7-40FD-9F52-CE8259031C6E}.Debug16|Any CPU.Build.0 = Debug16|Any CPU
		{AD2E3CF9-65C7-40FD-9F52-CE8259031C6E}.Debug16|Mixed Platforms.ActiveCfg = Debug16|Any CPU
		{AD2E3CF9-65C7-40FD-9F52-CE8259031C6E}.Debug16|Mixed Platforms.Build.0 = Debug16|Any CPU
		{AD2E3CF9-65C7-40FD-9F52-CE8259031C6E}.Debug16|x86.ActiveCfg = Debug16|Any CPU
		{AD2E3CF9-65C7-40FD-9F52-CE8259031C6E}.Debug16|x86.Build.0 = Debug16|Any CPU
		{AD2E3CF9-65C7-40FD-9F52-CE8259031C6E}.Release|Any CPU.ActiveCfg = Release|Any CPU
		{AD2E3CF9-65C7-40FD-9F52-CE8259031C6E}.Release|Any CPU.Build.0 = Release|Any CPU
		{AD2E3CF9-65C7-40FD-9F52-CE8259031C6E}.Release|Mixed Platforms.ActiveCfg = Release|Any CPU
		{AD2E3CF9-65C7-40FD-9F52-CE8259031C6E}.Release|Mixed Platforms.Build.0 = Release|Any CPU
		{AD2E3CF9-65C7-40FD-9F52-CE8259031C6E}.Release|x86.ActiveCfg = Release|Any CPU
		{AD2E3CF9-65C7-40FD-9F52-CE8259031C6E}.Release|x86.Build.0 = Release|Any CPU
		{AD2E3CF9-65C7-40FD-9F52-CE8259031C6E}.Release15|Any CPU.ActiveCfg = Release15|Any CPU
		{AD2E3CF9-65C7-40FD-9F52-CE8259031C6E}.Release15|Any CPU.Build.0 = Release15|Any CPU
		{AD2E3CF9-65C7-40FD-9F52-CE8259031C6E}.Release15|Mixed Platforms.ActiveCfg = Release15|Any CPU
		{AD2E3CF9-65C7-40FD-9F52-CE8259031C6E}.Release15|Mixed Platforms.Build.0 = Release15|Any CPU
		{AD2E3CF9-65C7-40FD-9F52-CE8259031C6E}.Release15|x86.ActiveCfg = Release|Any CPU
		{AD2E3CF9-65C7-40FD-9F52-CE8259031C6E}.Release15|x86.Build.0 = Release|Any CPU
		{AD2E3CF9-65C7-40FD-9F52-CE8259031C6E}.Release16|Any CPU.ActiveCfg = Release16|Any CPU
		{AD2E3CF9-65C7-40FD-9F52-CE8259031C6E}.Release16|Any CPU.Build.0 = Release16|Any CPU
		{AD2E3CF9-65C7-40FD-9F52-CE8259031C6E}.Release16|Mixed Platforms.ActiveCfg = Release16|Any CPU
		{AD2E3CF9-65C7-40FD-9F52-CE8259031C6E}.Release16|Mixed Platforms.Build.0 = Release16|Any CPU
		{AD2E3CF9-65C7-40FD-9F52-CE8259031C6E}.Release16|x86.ActiveCfg = Release16|Any CPU
		{AD2E3CF9-65C7-40FD-9F52-CE8259031C6E}.Release16|x86.Build.0 = Release16|Any CPU
	EndGlobalSection
	GlobalSection(SolutionProperties) = preSolution
		HideSolutionNode = FALSE
	EndGlobalSection
EndGlobal
